
Microsoft Visual Studio Solution File, Format Version 12.00
# Visual Studio 2012
Project("{8BC9CEB8-8B4A-11D0-8D11-00A0C91BC942}") = "SlideCrank1", "SlideCrank1\SlideCrank1.vcxproj", "{F9501F0B-A76A-402F-87E4-D5E4DC359F18}"
EndProject
Global
	GlobalSection(SolutionConfigurationPlatforms) = preSolution
		Debug|Win32 = Debug|Win32
		Release|Win32 = Release|Win32
	EndGlobalSection
	GlobalSection(ProjectConfigurationPlatforms) = postSolution
		{F9501F0B-A76A-402F-87E4-D5E4DC359F18}.Debug|Win32.ActiveCfg = Debug|Win32
		{F9501F0B-A76A-402F-87E4-D5E4DC359F18}.Debug|Win32.Build.0 = Debug|Win32
		{F9501F0B-A76A-402F-87E4-D5E4DC359F18}.Release|Win32.ActiveCfg = Release|Win32
		{F9501F0B-A76A-402F-87E4-D5E4DC359F18}.Release|Win32.Build.0 = Release|Win32
	EndGlobalSection
	GlobalSection(SolutionProperties) = preSolution
		HideSolutionNode = FALSE
	EndGlobalSection
EndGlobal
